
Microsoft Visual Studio Solution File, Format Version 12.00
# Visual Studio Version 17
VisualStudioVersion = 17.5.33414.496
MinimumVisualStudioVersion = 10.0.40219.1
Project("{FAE04EC0-301F-11D3-BF4B-00C04F79EFBC}") = "TestGame", "TestGame\TestGame.csproj", "{C152F019-A986-4ECF-9951-A53400BAA9E1}"
EndProject
Global
	GlobalSection(SolutionConfigurationPlatforms) = preSolution
		Debug|Any CPU = Debug|Any CPU
		Release|Any CPU = Release|Any CPU
	EndGlobalSection
	GlobalSection(ProjectConfigurationPlatforms) = postSolution
		{C152F019-A986-4ECF-9951-A53400BAA9E1}.Debug|Any CPU.ActiveCfg = Debug|Any CPU
		{C152F019-A986-4ECF-9951-A53400BAA9E1}.Debug|Any CPU.Build.0 = Debug|Any CPU
		{C152F019-A986-4ECF-9951-A53400BAA9E1}.Release|Any CPU.ActiveCfg = Release|Any CPU
		{C152F019-A986-4ECF-9951-A53400BAA9E1}.Release|Any CPU.Build.0 = Release|Any CPU
	EndGlobalSection
	GlobalSection(SolutionProperties) = preSolution
		HideSolutionNode = FALSE
	EndGlobalSection
	GlobalSection(ExtensibilityGlobals) = postSolution
		SolutionGuid = {311EB058-D3CB-4110-AC38-7CCA2ABB76CB}
	EndGlobalSection
EndGlobal
